
Microsoft Visual Studio Solution File, Format Version 12.00
# Visual Studio Version 16
VisualStudioVersion = 16.0.28803.202
MinimumVisualStudioVersion = 10.0.40219.1
Project("{8BC9CEB8-8B4A-11D0-8D11-00A0C91BC942}") = "HashGenerator", "HashGenerator\HashGenerator.vcxproj", "{7BF7C76B-ABA5-420D-BC39-BA0B6E1C71F2}"
EndProject
Global
	GlobalSection(SolutionConfigurationPlatforms) = preSolution
		Debug|x64 = Debug|x64
		Debug|x86 = Debug|x86
		Release|x64 = Release|x64
		Release|x86 = Release|x86
	EndGlobalSection
	GlobalSection(ProjectConfigurationPlatforms) = postSolution
		{7BF7C76B-ABA5-420D-BC39-BA0B6E1C71F2}.Debug|x64.ActiveCfg = Debug|x64
		{7BF7C76B-ABA5-420D-BC39-BA0B6E1C71F2}.Debug|x64.Build.0 = Debug|x64
		{7BF7C76B-ABA5-420D-BC39-BA0B6E1C71F2}.Debug|x86.ActiveCfg = Debug|Win32
		{7BF7C76B-ABA5-420D-BC39-BA0B6E1C71F2}.Debug|x86.Build.0 = Debug|Win32
		{7BF7C76B-ABA5-420D-BC39-BA0B6E1C71F2}.Release|x64.ActiveCfg = Release|x64
		{7BF7C76B-ABA5-420D-BC39-BA0B6E1C71F2}.Release|x64.Build.0 = Release|x64
		{7BF7C76B-ABA5-420D-BC39-BA0B6E1C71F2}.Release|x86.ActiveCfg = Release|Win32
		{7BF7C76B-ABA5-420D-BC39-BA0B6E1C71F2}.Release|x86.Build.0 = Release|Win32
	EndGlobalSection
	GlobalSection(SolutionProperties) = preSolution
		HideSolutionNode = FALSE
	EndGlobalSection
	GlobalSection(ExtensibilityGlobals) = postSolution
		SolutionGuid = {9EE049F8-5458-40F2-BEAC-6866DC3E1FBD}
	EndGlobalSection
EndGlobal
